
Microsoft Visual Studio Solution File, Format Version 12.00
# Visual Studio 14
VisualStudioVersion = 14.0.24720.0
MinimumVisualStudioVersion = 10.0.40219.1
Project("{2150E333-8FDC-42A3-9474-1A3956D46DE8}") = "src", "src", "{2F16A6DB-1C3E-4397-8336-546D89AD614D}"
EndProject
Project("{2150E333-8FDC-42A3-9474-1A3956D46DE8}") = "Solution Items", "Solution Items", "{E9CF5EFF-F852-4144-BAD0-019BEBB6946F}"
	ProjectSection(SolutionItems) = preProject
		global.json = global.json
	EndProjectSection
EndProject
Project("{8BB2217D-0F2D-49D1-97BC-3654ED321F3B}") = "WebApplication", "src\WebApplication\WebApplication.xproj", "{E8CF4FFE-FE8F-4815-95A7-64F5C1E240E4}"
EndProject
Global
	GlobalSection(SolutionConfigurationPlatforms) = preSolution
		Debug|Any CPU = Debug|Any CPU
		Release|Any CPU = Release|Any CPU
	EndGlobalSection
	GlobalSection(ProjectConfigurationPlatforms) = postSolution
		{E8CF4FFE-FE8F-4815-95A7-64F5C1E240E4}.Debug|Any CPU.ActiveCfg = Debug|Any CPU
		{E8CF4FFE-FE8F-4815-95A7-64F5C1E240E4}.Debug|Any CPU.Build.0 = Debug|Any CPU
		{E8CF4FFE-FE8F-4815-95A7-64F5C1E240E4}.Release|Any CPU.ActiveCfg = Release|Any CPU
		{E8CF4FFE-FE8F-4815-95A7-64F5C1E240E4}.Release|Any CPU.Build.0 = Release|Any CPU
	EndGlobalSection
	GlobalSection(SolutionProperties) = preSolution
		HideSolutionNode = FALSE
	EndGlobalSection
	GlobalSection(NestedProjects) = preSolution
		{E8CF4FFE-FE8F-4815-95A7-64F5C1E240E4} = {2F16A6DB-1C3E-4397-8336-546D89AD614D}
	EndGlobalSection
EndGlobal
